
Microsoft Visual Studio Solution File, Format Version 12.00
# Visual Studio Version 17
VisualStudioVersion = 17.10.35122.118
MinimumVisualStudioVersion = 10.0.40219.1
Project("{FAE04EC0-301F-11D3-BF4B-00C04F79EFBC}") = "TodoApp", "TodoApp\TodoApp.csproj", "{42EE436A-F29E-494C-AB16-FF4C3621D6FD}"
EndProject
Global
	GlobalSection(SolutionConfigurationPlatforms) = preSolution
		Debug|Any CPU = Debug|Any CPU
		Release|Any CPU = Release|Any CPU
	EndGlobalSection
	GlobalSection(ProjectConfigurationPlatforms) = postSolution
		{42EE436A-F29E-494C-AB16-FF4C3621D6FD}.Debug|Any CPU.ActiveCfg = Debug|Any CPU
		{42EE436A-F29E-494C-AB16-FF4C3621D6FD}.Debug|Any CPU.Build.0 = Debug|Any CPU
		{42EE436A-F29E-494C-AB16-FF4C3621D6FD}.Release|Any CPU.ActiveCfg = Release|Any CPU
		{42EE436A-F29E-494C-AB16-FF4C3621D6FD}.Release|Any CPU.Build.0 = Release|Any CPU
	EndGlobalSection
	GlobalSection(SolutionProperties) = preSolution
		HideSolutionNode = FALSE
	EndGlobalSection
	GlobalSection(ExtensibilityGlobals) = postSolution
		SolutionGuid = {CEA45A4C-9123-431D-9C33-7A53F07AC140}
	EndGlobalSection
EndGlobal
